
Microsoft Visual Studio Solution File, Format Version 12.00
# Visual Studio Version 16
VisualStudioVersion = 16.0.29215.179
MinimumVisualStudioVersion = 10.0.40219.1
Project("{FAE04EC0-301F-11D3-BF4B-00C04F79EFBC}") = "Zork_Builder.WinForms", "InventoryManager.WinForms\Zork_Builder.WinForms.csproj", "{90AE24C5-A3EE-4A7A-8CFE-5593A86FBEF0}"
EndProject
Project("{9A19103F-16F7-4668-BE54-9A1E7A4F7556}") = "Zork_Builder.Data", "InventoryManager.Data\Zork_Builder.Data.csproj", "{2F163094-34EE-49EA-B768-0D906BF91DB3}"
EndProject
Global
	GlobalSection(SolutionConfigurationPlatforms) = preSolution
		Debug|Any CPU = Debug|Any CPU
		Release|Any CPU = Release|Any CPU
	EndGlobalSection
	GlobalSection(ProjectConfigurationPlatforms) = postSolution
		{90AE24C5-A3EE-4A7A-8CFE-5593A86FBEF0}.Debug|Any CPU.ActiveCfg = Debug|Any CPU
		{90AE24C5-A3EE-4A7A-8CFE-5593A86FBEF0}.Debug|Any CPU.Build.0 = Debug|Any CPU
		{90AE24C5-A3EE-4A7A-8CFE-5593A86FBEF0}.Release|Any CPU.ActiveCfg = Release|Any CPU
		{90AE24C5-A3EE-4A7A-8CFE-5593A86FBEF0}.Release|Any CPU.Build.0 = Release|Any CPU
		{2F163094-34EE-49EA-B768-0D906BF91DB3}.Debug|Any CPU.ActiveCfg = Debug|Any CPU
		{2F163094-34EE-49EA-B768-0D906BF91DB3}.Debug|Any CPU.Build.0 = Debug|Any CPU
		{2F163094-34EE-49EA-B768-0D906BF91DB3}.Release|Any CPU.ActiveCfg = Release|Any CPU
		{2F163094-34EE-49EA-B768-0D906BF91DB3}.Release|Any CPU.Build.0 = Release|Any CPU
	EndGlobalSection
	GlobalSection(SolutionProperties) = preSolution
		HideSolutionNode = FALSE
	EndGlobalSection
	GlobalSection(ExtensibilityGlobals) = postSolution
		SolutionGuid = {00AD200C-9B77-468A-9761-16E80BA66197}
	EndGlobalSection
EndGlobal
